Microsoft Visual Studio Solution File, Format Version 12.00
# Visual Studio Version 17
VisualStudioVersion = 17.5.2.0
MinimumVisualStudioVersion = 10.0.40219.1
Project("{FAE04EC0-301F-11D3-BF4B-00C04F79EFBC}") = "basic-stock", "basic-stock.csproj", "{5312449A-34ED-0F98-8F93-D98781B5C6BA}"
EndProject
Global
	GlobalSection(SolutionConfigurationPlatforms) = preSolution
		Debug|Any CPU = Debug|Any CPU
		Release|Any CPU = Release|Any CPU
	EndGlobalSection
	GlobalSection(ProjectConfigurationPlatforms) = postSolution
		{5312449A-34ED-0F98-8F93-D98781B5C6BA}.Debug|Any CPU.ActiveCfg = Debug|Any CPU
		{5312449A-34ED-0F98-8F93-D98781B5C6BA}.Debug|Any CPU.Build.0 = Debug|Any CPU
		{5312449A-34ED-0F98-8F93-D98781B5C6BA}.Release|Any CPU.ActiveCfg = Release|Any CPU
		{5312449A-34ED-0F98-8F93-D98781B5C6BA}.Release|Any CPU.Build.0 = Release|Any CPU
	EndGlobalSection
	GlobalSection(SolutionProperties) = preSolution
		HideSolutionNode = FALSE
	EndGlobalSection
	GlobalSection(ExtensibilityGlobals) = postSolution
		SolutionGuid = {FE0B32A9-70E7-4A93-A241-73993B9F2639}
	EndGlobalSection
EndGlobal
