Microsoft Visual Studio Solution File, Format Version 12.00
# Visual Studio Version 17
VisualStudioVersion = 17.5.2.0
MinimumVisualStudioVersion = 10.0.40219.1
Project("{FAE04EC0-301F-11D3-BF4B-00C04F79EFBC}") = "Account_2", "Account_2.csproj", "{7AC3C17D-F668-3D4E-4137-2BF3D8AB4046}"
EndProject
Global
	GlobalSection(SolutionConfigurationPlatforms) = preSolution
		Debug|Any CPU = Debug|Any CPU
		Release|Any CPU = Release|Any CPU
	EndGlobalSection
	GlobalSection(ProjectConfigurationPlatforms) = postSolution
		{7AC3C17D-F668-3D4E-4137-2BF3D8AB4046}.Debug|Any CPU.ActiveCfg = Debug|Any CPU
		{7AC3C17D-F668-3D4E-4137-2BF3D8AB4046}.Debug|Any CPU.Build.0 = Debug|Any CPU
		{7AC3C17D-F668-3D4E-4137-2BF3D8AB4046}.Release|Any CPU.ActiveCfg = Release|Any CPU
		{7AC3C17D-F668-3D4E-4137-2BF3D8AB4046}.Release|Any CPU.Build.0 = Release|Any CPU
	EndGlobalSection
	GlobalSection(SolutionProperties) = preSolution
		HideSolutionNode = FALSE
	EndGlobalSection
	GlobalSection(ExtensibilityGlobals) = postSolution
		SolutionGuid = {5880D589-21AA-4B3E-8082-3080F781ECE9}
	EndGlobalSection
EndGlobal
