Microsoft Visual Studio Solution File, Format Version 12.00
# Visual Studio Version 17
VisualStudioVersion = 17.5.2.0
MinimumVisualStudioVersion = 10.0.40219.1
Project("{FAE04EC0-301F-11D3-BF4B-00C04F79EFBC}") = "Tax", "Tax.csproj", "{698431B5-245F-9B87-A9C1-0D8B97983E68}"
EndProject
Global
	GlobalSection(SolutionConfigurationPlatforms) = preSolution
		Debug|Any CPU = Debug|Any CPU
		Release|Any CPU = Release|Any CPU
	EndGlobalSection
	GlobalSection(ProjectConfigurationPlatforms) = postSolution
		{698431B5-245F-9B87-A9C1-0D8B97983E68}.Debug|Any CPU.ActiveCfg = Debug|Any CPU
		{698431B5-245F-9B87-A9C1-0D8B97983E68}.Debug|Any CPU.Build.0 = Debug|Any CPU
		{698431B5-245F-9B87-A9C1-0D8B97983E68}.Release|Any CPU.ActiveCfg = Release|Any CPU
		{698431B5-245F-9B87-A9C1-0D8B97983E68}.Release|Any CPU.Build.0 = Release|Any CPU
	EndGlobalSection
	GlobalSection(SolutionProperties) = preSolution
		HideSolutionNode = FALSE
	EndGlobalSection
	GlobalSection(ExtensibilityGlobals) = postSolution
		SolutionGuid = {5BDD6034-9A07-4E72-8D2F-823A5193E0EC}
	EndGlobalSection
EndGlobal
