Microsoft Visual Studio Solution File, Format Version 12.00
# Visual Studio Version 17
VisualStudioVersion = 17.5.2.0
MinimumVisualStudioVersion = 10.0.40219.1
Project("{FAE04EC0-301F-11D3-BF4B-00C04F79EFBC}") = "rectangle-area", "rectangle-area.csproj", "{FE0F30E9-7016-07FB-5AA2-441F37E31936}"
EndProject
Global
	GlobalSection(SolutionConfigurationPlatforms) = preSolution
		Debug|Any CPU = Debug|Any CPU
		Release|Any CPU = Release|Any CPU
	EndGlobalSection
	GlobalSection(ProjectConfigurationPlatforms) = postSolution
		{FE0F30E9-7016-07FB-5AA2-441F37E31936}.Debug|Any CPU.ActiveCfg = Debug|Any CPU
		{FE0F30E9-7016-07FB-5AA2-441F37E31936}.Debug|Any CPU.Build.0 = Debug|Any CPU
		{FE0F30E9-7016-07FB-5AA2-441F37E31936}.Release|Any CPU.ActiveCfg = Release|Any CPU
		{FE0F30E9-7016-07FB-5AA2-441F37E31936}.Release|Any CPU.Build.0 = Release|Any CPU
	EndGlobalSection
	GlobalSection(SolutionProperties) = preSolution
		HideSolutionNode = FALSE
	EndGlobalSection
	GlobalSection(ExtensibilityGlobals) = postSolution
		SolutionGuid = {69BFDB3E-1919-4677-AA3E-234BC3282E7B}
	EndGlobalSection
EndGlobal
