Microsoft Visual Studio Solution File, Format Version 12.00
# Visual Studio Version 17
VisualStudioVersion = 17.5.2.0
MinimumVisualStudioVersion = 10.0.40219.1
Project("{FAE04EC0-301F-11D3-BF4B-00C04F79EFBC}") = "matrix-positon", "matrix-positon.csproj", "{2A950F37-B8CE-7BE9-0F6B-4050E560B097}"
EndProject
Global
	GlobalSection(SolutionConfigurationPlatforms) = preSolution
		Debug|Any CPU = Debug|Any CPU
		Release|Any CPU = Release|Any CPU
	EndGlobalSection
	GlobalSection(ProjectConfigurationPlatforms) = postSolution
		{2A950F37-B8CE-7BE9-0F6B-4050E560B097}.Debug|Any CPU.ActiveCfg = Debug|Any CPU
		{2A950F37-B8CE-7BE9-0F6B-4050E560B097}.Debug|Any CPU.Build.0 = Debug|Any CPU
		{2A950F37-B8CE-7BE9-0F6B-4050E560B097}.Release|Any CPU.ActiveCfg = Release|Any CPU
		{2A950F37-B8CE-7BE9-0F6B-4050E560B097}.Release|Any CPU.Build.0 = Release|Any CPU
	EndGlobalSection
	GlobalSection(SolutionProperties) = preSolution
		HideSolutionNode = FALSE
	EndGlobalSection
	GlobalSection(ExtensibilityGlobals) = postSolution
		SolutionGuid = {0211E306-32D8-4CCC-B682-206866A5FFEE}
	EndGlobalSection
EndGlobal
